<Solution>
  <Project Path="IdentityPractice.Maui/IdentityPractice.Maui.csproj" />
  <Project Path="IdentityPractice.Shared/IdentityPractice.Shared.csproj" Id="be095870-7631-4658-ad7f-89d00332f51f" />
  <Project Path="IdentityPractice.Web/IdentityPractice.Web.csproj" Id="185b8877-3286-4c4a-b297-dd6573666364" />
</Solution>
